
Microsoft Visual Studio Solution File, Format Version 12.00
# Visual Studio Version 17
VisualStudioVersion = 17.7.34018.315
MinimumVisualStudioVersion = 10.0.40219.1
Project("{FAE04EC0-301F-11D3-BF4B-00C04F79EFBC}") = "КР_2", "КР_2\КР_2.csproj", "{7982A326-AF1D-4EBC-AA07-1F7FCA4FC5BB}"
EndProject
Global
	GlobalSection(SolutionConfigurationPlatforms) = preSolution
		Debug|Any CPU = Debug|Any CPU
		Release|Any CPU = Release|Any CPU
	EndGlobalSection
	GlobalSection(ProjectConfigurationPlatforms) = postSolution
		{7982A326-AF1D-4EBC-AA07-1F7FCA4FC5BB}.Debug|Any CPU.ActiveCfg = Debug|Any CPU
		{7982A326-AF1D-4EBC-AA07-1F7FCA4FC5BB}.Debug|Any CPU.Build.0 = Debug|Any CPU
		{7982A326-AF1D-4EBC-AA07-1F7FCA4FC5BB}.Release|Any CPU.ActiveCfg = Release|Any CPU
		{7982A326-AF1D-4EBC-AA07-1F7FCA4FC5BB}.Release|Any CPU.Build.0 = Release|Any CPU
	EndGlobalSection
	GlobalSection(SolutionProperties) = preSolution
		HideSolutionNode = FALSE
	EndGlobalSection
	GlobalSection(ExtensibilityGlobals) = postSolution
		SolutionGuid = {38D8516C-DFBC-4AFF-AA0E-D2746DC7C9B4}
	EndGlobalSection
EndGlobal
